
Microsoft Visual Studio Solution File, Format Version 12.00
# Visual Studio Version 17
VisualStudioVersion = 17.1.32421.90
MinimumVisualStudioVersion = 10.0.40219.1
Project("{2150E333-8FDC-42A3-9474-1A3956D46DE8}") = "Api", "Api", "{9C3617AE-2CE3-4F5F-9FFE-23DAE92AE354}"
EndProject
Project("{2150E333-8FDC-42A3-9474-1A3956D46DE8}") = "Framework", "Framework", "{0A674584-54A9-4ADD-B845-D277AD3D74C2}"
EndProject
Project("{2150E333-8FDC-42A3-9474-1A3956D46DE8}") = "Tools", "Tools", "{5150739E-E6EA-4F87-AC40-F48E5F4FD593}"
EndProject
Project("{9A19103F-16F7-4668-BE54-9A1E7A4F7556}") = "Scene.DataSeeder", "Tools\Scene.DataSeeder\Scene.DataSeeder.csproj", "{A44E8557-126B-4A6D-A7C9-B134E8C9A54A}"
EndProject
Project("{9A19103F-16F7-4668-BE54-9A1E7A4F7556}") = "Scene.Api", "Api\Scene.Api\Scene.Api.csproj", "{E895AEA0-14AA-4DD4-8CC6-DA6C4E3046C0}"
EndProject
Project("{2150E333-8FDC-42A3-9474-1A3956D46DE8}") = "Base", "Base", "{B690C47D-2918-4065-A6DB-257E10A13159}"
EndProject
Project("{9A19103F-16F7-4668-BE54-9A1E7A4F7556}") = "Framework.Base.DataService", "Framework\Base\Framework.Base.DataService\Framework.Base.DataService.csproj", "{F4B6B4EB-2BD5-4690-ACBF-5D637F852F83}"
EndProject
Project("{2150E333-8FDC-42A3-9474-1A3956D46DE8}") = "Helpers", "Helpers", "{AE53DD32-A079-42B0-9C34-797FDA401945}"
EndProject
Project("{9A19103F-16F7-4668-BE54-9A1E7A4F7556}") = "Framework.Helpers", "Framework\Helpers\Framework.Helpers\Framework.Helpers.csproj", "{4BA76D74-2484-4F53-9221-ABC435FB0F67}"
EndProject
Project("{9A19103F-16F7-4668-BE54-9A1E7A4F7556}") = "Framework.Base.Types", "Framework\Base\Framework.Base.Types\Framework.Base.Types.csproj", "{050859BD-04A5-4185-BD31-B852403B02F2}"
EndProject
Project("{2150E333-8FDC-42A3-9474-1A3956D46DE8}") = "UI", "UI", "{A336C1D7-9866-4FD7-91F8-9FC7C1B1741A}"
EndProject
Project("{9A19103F-16F7-4668-BE54-9A1E7A4F7556}") = "Scene.Manage.UI.MudBlazorServer", "UI\Scene.Manage.UI.MudBlazorServer\Scene.Manage.UI.MudBlazorServer.csproj", "{A2ECA2D2-B316-4F85-934E-DE2B0FCF6F26}"
EndProject
Project("{9A19103F-16F7-4668-BE54-9A1E7A4F7556}") = "Framework.Base.Service", "Framework\Base\Framework.Base.Service\Framework.Base.Service.csproj", "{9E0B4F73-3B24-433C-9AB1-688ED90D2DCA}"
EndProject
Project("{2150E333-8FDC-42A3-9474-1A3956D46DE8}") = "User", "User", "{C5D2BA5F-CAD3-4512-A813-2134725009D8}"
EndProject
Project("{9A19103F-16F7-4668-BE54-9A1E7A4F7556}") = "Framework.User.DataService", "Framework\User\Framework.User.DataService\Framework.User.DataService.csproj", "{EFC841E9-DD6A-4D0C-9111-BBA94D77EAB6}"
EndProject
Project("{9A19103F-16F7-4668-BE54-9A1E7A4F7556}") = "Framework.User.Helpers", "Framework\User\Framework.User.Helpers\Framework.User.Helpers.csproj", "{6E9C7DA4-9EA3-47D5-A7F5-A82DD4CE302C}"
EndProject
Project("{9A19103F-16F7-4668-BE54-9A1E7A4F7556}") = "Framework.User.Service", "Framework\User\Framework.User.Service\Framework.User.Service.csproj", "{03E02A94-B1A0-4886-A0D6-AD944BA58FE5}"
EndProject
Project("{2150E333-8FDC-42A3-9474-1A3956D46DE8}") = "Migrations", "Migrations", "{5502A56B-567B-49A7-908B-64446FFCB05A}"
EndProject
Project("{9A19103F-16F7-4668-BE54-9A1E7A4F7556}") = "Scene.Migrations.PostgreSql", "Migrations\Scene.Migrations.PostgreSql\Scene.Migrations.PostgreSql.csproj", "{11E243C4-243C-4D6E-BD68-7DA71B163715}"
EndProject
Project("{2150E333-8FDC-42A3-9474-1A3956D46DE8}") = "Mail", "Mail", "{74BCDE5F-941F-48F4-9753-5EB306F50A9B}"
EndProject
Project("{9A19103F-16F7-4668-BE54-9A1E7A4F7556}") = "Framework.MailTemplate.Data", "Framework\Mail\Framework.MailTemplate.Data\Framework.MailTemplate.Data.csproj", "{34EC8A21-E102-459F-896F-14DEA2E73D84}"
EndProject
Project("{9A19103F-16F7-4668-BE54-9A1E7A4F7556}") = "Framework.MailTemplate", "Framework\Mail\Framework.MailTemplate\Framework.MailTemplate.csproj", "{4279FAB0-97CA-411F-8135-40628438C629}"
EndProject
Project("{2150E333-8FDC-42A3-9474-1A3956D46DE8}") = "Tests", "Tests", "{E37DB373-18D0-4C73-A126-7B263F8967FC}"
EndProject
Project("{9A19103F-16F7-4668-BE54-9A1E7A4F7556}") = "Framework.Tests", "Framework\Tests\Framework.Tests\Framework.Tests.csproj", "{9CA1E00A-AB6F-470B-AC9F-486AE64BF640}"
EndProject
Project("{2150E333-8FDC-42A3-9474-1A3956D46DE8}") = "Workers", "Workers", "{AEB72C7E-607D-4D67-ABBB-AD71B3C7B59B}"
EndProject
Project("{9A19103F-16F7-4668-BE54-9A1E7A4F7556}") = "Framework.Worker.Register", "Framework\Workers\Framework.Worker.Register\Framework.Worker.Register.csproj", "{DFD854A6-D675-439F-9BC2-7B69A425C888}"
EndProject
Project("{FAE04EC0-301F-11D3-BF4B-00C04F79EFBC}") = "Framework.Mailer", "Framework\Mail\Framework.Mailer\Framework.Mailer.csproj", "{0F1D1C72-BE12-47D4-AA44-D8B0562C115F}"
EndProject
Global
	GlobalSection(SolutionConfigurationPlatforms) = preSolution
		Debug|Any CPU = Debug|Any CPU
		Release|Any CPU = Release|Any CPU
		Staging|Any CPU = Staging|Any CPU
	EndGlobalSection
	GlobalSection(ProjectConfigurationPlatforms) = postSolution
		{A44E8557-126B-4A6D-A7C9-B134E8C9A54A}.Debug|Any CPU.ActiveCfg = Debug|Any CPU
		{A44E8557-126B-4A6D-A7C9-B134E8C9A54A}.Debug|Any CPU.Build.0 = Debug|Any CPU
		{A44E8557-126B-4A6D-A7C9-B134E8C9A54A}.Release|Any CPU.ActiveCfg = Release|Any CPU
		{A44E8557-126B-4A6D-A7C9-B134E8C9A54A}.Release|Any CPU.Build.0 = Release|Any CPU
		{A44E8557-126B-4A6D-A7C9-B134E8C9A54A}.Staging|Any CPU.ActiveCfg = Release|Any CPU
		{A44E8557-126B-4A6D-A7C9-B134E8C9A54A}.Staging|Any CPU.Build.0 = Release|Any CPU
		{E895AEA0-14AA-4DD4-8CC6-DA6C4E3046C0}.Debug|Any CPU.ActiveCfg = Debug|Any CPU
		{E895AEA0-14AA-4DD4-8CC6-DA6C4E3046C0}.Debug|Any CPU.Build.0 = Debug|Any CPU
		{E895AEA0-14AA-4DD4-8CC6-DA6C4E3046C0}.Release|Any CPU.ActiveCfg = Release|Any CPU
		{E895AEA0-14AA-4DD4-8CC6-DA6C4E3046C0}.Release|Any CPU.Build.0 = Release|Any CPU
		{E895AEA0-14AA-4DD4-8CC6-DA6C4E3046C0}.Staging|Any CPU.ActiveCfg = Release|Any CPU
		{E895AEA0-14AA-4DD4-8CC6-DA6C4E3046C0}.Staging|Any CPU.Build.0 = Release|Any CPU
		{F4B6B4EB-2BD5-4690-ACBF-5D637F852F83}.Debug|Any CPU.ActiveCfg = Debug|Any CPU
		{F4B6B4EB-2BD5-4690-ACBF-5D637F852F83}.Debug|Any CPU.Build.0 = Debug|Any CPU
		{F4B6B4EB-2BD5-4690-ACBF-5D637F852F83}.Release|Any CPU.ActiveCfg = Release|Any CPU
		{F4B6B4EB-2BD5-4690-ACBF-5D637F852F83}.Release|Any CPU.Build.0 = Release|Any CPU
		{F4B6B4EB-2BD5-4690-ACBF-5D637F852F83}.Staging|Any CPU.ActiveCfg = Staging|Any CPU
		{F4B6B4EB-2BD5-4690-ACBF-5D637F852F83}.Staging|Any CPU.Build.0 = Staging|Any CPU
		{4BA76D74-2484-4F53-9221-ABC435FB0F67}.Debug|Any CPU.ActiveCfg = Debug|Any CPU
		{4BA76D74-2484-4F53-9221-ABC435FB0F67}.Debug|Any CPU.Build.0 = Debug|Any CPU
		{4BA76D74-2484-4F53-9221-ABC435FB0F67}.Release|Any CPU.ActiveCfg = Release|Any CPU
		{4BA76D74-2484-4F53-9221-ABC435FB0F67}.Release|Any CPU.Build.0 = Release|Any CPU
		{4BA76D74-2484-4F53-9221-ABC435FB0F67}.Staging|Any CPU.ActiveCfg = Staging|Any CPU
		{4BA76D74-2484-4F53-9221-ABC435FB0F67}.Staging|Any CPU.Build.0 = Staging|Any CPU
		{050859BD-04A5-4185-BD31-B852403B02F2}.Debug|Any CPU.ActiveCfg = Debug|Any CPU
		{050859BD-04A5-4185-BD31-B852403B02F2}.Debug|Any CPU.Build.0 = Debug|Any CPU
		{050859BD-04A5-4185-BD31-B852403B02F2}.Release|Any CPU.ActiveCfg = Release|Any CPU
		{050859BD-04A5-4185-BD31-B852403B02F2}.Release|Any CPU.Build.0 = Release|Any CPU
		{050859BD-04A5-4185-BD31-B852403B02F2}.Staging|Any CPU.ActiveCfg = Staging|Any CPU
		{050859BD-04A5-4185-BD31-B852403B02F2}.Staging|Any CPU.Build.0 = Staging|Any CPU
		{A2ECA2D2-B316-4F85-934E-DE2B0FCF6F26}.Debug|Any CPU.ActiveCfg = Debug|Any CPU
		{A2ECA2D2-B316-4F85-934E-DE2B0FCF6F26}.Debug|Any CPU.Build.0 = Debug|Any CPU
		{A2ECA2D2-B316-4F85-934E-DE2B0FCF6F26}.Release|Any CPU.ActiveCfg = Release|Any CPU
		{A2ECA2D2-B316-4F85-934E-DE2B0FCF6F26}.Release|Any CPU.Build.0 = Release|Any CPU
		{A2ECA2D2-B316-4F85-934E-DE2B0FCF6F26}.Staging|Any CPU.ActiveCfg = Debug|Any CPU
		{A2ECA2D2-B316-4F85-934E-DE2B0FCF6F26}.Staging|Any CPU.Build.0 = Debug|Any CPU
		{9E0B4F73-3B24-433C-9AB1-688ED90D2DCA}.Debug|Any CPU.ActiveCfg = Debug|Any CPU
		{9E0B4F73-3B24-433C-9AB1-688ED90D2DCA}.Debug|Any CPU.Build.0 = Debug|Any CPU
		{9E0B4F73-3B24-433C-9AB1-688ED90D2DCA}.Release|Any CPU.ActiveCfg = Release|Any CPU
		{9E0B4F73-3B24-433C-9AB1-688ED90D2DCA}.Release|Any CPU.Build.0 = Release|Any CPU
		{9E0B4F73-3B24-433C-9AB1-688ED90D2DCA}.Staging|Any CPU.ActiveCfg = Staging|Any CPU
		{9E0B4F73-3B24-433C-9AB1-688ED90D2DCA}.Staging|Any CPU.Build.0 = Staging|Any CPU
		{EFC841E9-DD6A-4D0C-9111-BBA94D77EAB6}.Debug|Any CPU.ActiveCfg = Debug|Any CPU
		{EFC841E9-DD6A-4D0C-9111-BBA94D77EAB6}.Debug|Any CPU.Build.0 = Debug|Any CPU
		{EFC841E9-DD6A-4D0C-9111-BBA94D77EAB6}.Release|Any CPU.ActiveCfg = Release|Any CPU
		{EFC841E9-DD6A-4D0C-9111-BBA94D77EAB6}.Release|Any CPU.Build.0 = Release|Any CPU
		{EFC841E9-DD6A-4D0C-9111-BBA94D77EAB6}.Staging|Any CPU.ActiveCfg = Staging|Any CPU
		{EFC841E9-DD6A-4D0C-9111-BBA94D77EAB6}.Staging|Any CPU.Build.0 = Staging|Any CPU
		{6E9C7DA4-9EA3-47D5-A7F5-A82DD4CE302C}.Debug|Any CPU.ActiveCfg = Debug|Any CPU
		{6E9C7DA4-9EA3-47D5-A7F5-A82DD4CE302C}.Debug|Any CPU.Build.0 = Debug|Any CPU
		{6E9C7DA4-9EA3-47D5-A7F5-A82DD4CE302C}.Release|Any CPU.ActiveCfg = Release|Any CPU
		{6E9C7DA4-9EA3-47D5-A7F5-A82DD4CE302C}.Release|Any CPU.Build.0 = Release|Any CPU
		{6E9C7DA4-9EA3-47D5-A7F5-A82DD4CE302C}.Staging|Any CPU.ActiveCfg = Staging|Any CPU
		{6E9C7DA4-9EA3-47D5-A7F5-A82DD4CE302C}.Staging|Any CPU.Build.0 = Staging|Any CPU
		{03E02A94-B1A0-4886-A0D6-AD944BA58FE5}.Debug|Any CPU.ActiveCfg = Debug|Any CPU
		{03E02A94-B1A0-4886-A0D6-AD944BA58FE5}.Debug|Any CPU.Build.0 = Debug|Any CPU
		{03E02A94-B1A0-4886-A0D6-AD944BA58FE5}.Release|Any CPU.ActiveCfg = Release|Any CPU
		{03E02A94-B1A0-4886-A0D6-AD944BA58FE5}.Release|Any CPU.Build.0 = Release|Any CPU
		{03E02A94-B1A0-4886-A0D6-AD944BA58FE5}.Staging|Any CPU.ActiveCfg = Staging|Any CPU
		{03E02A94-B1A0-4886-A0D6-AD944BA58FE5}.Staging|Any CPU.Build.0 = Staging|Any CPU
		{11E243C4-243C-4D6E-BD68-7DA71B163715}.Debug|Any CPU.ActiveCfg = Debug|Any CPU
		{11E243C4-243C-4D6E-BD68-7DA71B163715}.Debug|Any CPU.Build.0 = Debug|Any CPU
		{11E243C4-243C-4D6E-BD68-7DA71B163715}.Release|Any CPU.ActiveCfg = Release|Any CPU
		{11E243C4-243C-4D6E-BD68-7DA71B163715}.Release|Any CPU.Build.0 = Release|Any CPU
		{11E243C4-243C-4D6E-BD68-7DA71B163715}.Staging|Any CPU.ActiveCfg = Debug|Any CPU
		{11E243C4-243C-4D6E-BD68-7DA71B163715}.Staging|Any CPU.Build.0 = Debug|Any CPU
		{34EC8A21-E102-459F-896F-14DEA2E73D84}.Debug|Any CPU.ActiveCfg = Debug|Any CPU
		{34EC8A21-E102-459F-896F-14DEA2E73D84}.Debug|Any CPU.Build.0 = Debug|Any CPU
		{34EC8A21-E102-459F-896F-14DEA2E73D84}.Release|Any CPU.ActiveCfg = Release|Any CPU
		{34EC8A21-E102-459F-896F-14DEA2E73D84}.Release|Any CPU.Build.0 = Release|Any CPU
		{34EC8A21-E102-459F-896F-14DEA2E73D84}.Staging|Any CPU.ActiveCfg = Debug|Any CPU
		{34EC8A21-E102-459F-896F-14DEA2E73D84}.Staging|Any CPU.Build.0 = Debug|Any CPU
		{4279FAB0-97CA-411F-8135-40628438C629}.Debug|Any CPU.ActiveCfg = Debug|Any CPU
		{4279FAB0-97CA-411F-8135-40628438C629}.Debug|Any CPU.Build.0 = Debug|Any CPU
		{4279FAB0-97CA-411F-8135-40628438C629}.Release|Any CPU.ActiveCfg = Release|Any CPU
		{4279FAB0-97CA-411F-8135-40628438C629}.Release|Any CPU.Build.0 = Release|Any CPU
		{4279FAB0-97CA-411F-8135-40628438C629}.Staging|Any CPU.ActiveCfg = Debug|Any CPU
		{4279FAB0-97CA-411F-8135-40628438C629}.Staging|Any CPU.Build.0 = Debug|Any CPU
		{9CA1E00A-AB6F-470B-AC9F-486AE64BF640}.Debug|Any CPU.ActiveCfg = Debug|Any CPU
		{9CA1E00A-AB6F-470B-AC9F-486AE64BF640}.Debug|Any CPU.Build.0 = Debug|Any CPU
		{9CA1E00A-AB6F-470B-AC9F-486AE64BF640}.Release|Any CPU.ActiveCfg = Release|Any CPU
		{9CA1E00A-AB6F-470B-AC9F-486AE64BF640}.Release|Any CPU.Build.0 = Release|Any CPU
		{9CA1E00A-AB6F-470B-AC9F-486AE64BF640}.Staging|Any CPU.ActiveCfg = Staging|Any CPU
		{9CA1E00A-AB6F-470B-AC9F-486AE64BF640}.Staging|Any CPU.Build.0 = Staging|Any CPU
		{DFD854A6-D675-439F-9BC2-7B69A425C888}.Debug|Any CPU.ActiveCfg = Debug|Any CPU
		{DFD854A6-D675-439F-9BC2-7B69A425C888}.Debug|Any CPU.Build.0 = Debug|Any CPU
		{DFD854A6-D675-439F-9BC2-7B69A425C888}.Release|Any CPU.ActiveCfg = Release|Any CPU
		{DFD854A6-D675-439F-9BC2-7B69A425C888}.Release|Any CPU.Build.0 = Release|Any CPU
		{DFD854A6-D675-439F-9BC2-7B69A425C888}.Staging|Any CPU.ActiveCfg = Debug|Any CPU
		{DFD854A6-D675-439F-9BC2-7B69A425C888}.Staging|Any CPU.Build.0 = Debug|Any CPU
		{0F1D1C72-BE12-47D4-AA44-D8B0562C115F}.Debug|Any CPU.ActiveCfg = Debug|Any CPU
		{0F1D1C72-BE12-47D4-AA44-D8B0562C115F}.Debug|Any CPU.Build.0 = Debug|Any CPU
		{0F1D1C72-BE12-47D4-AA44-D8B0562C115F}.Release|Any CPU.ActiveCfg = Release|Any CPU
		{0F1D1C72-BE12-47D4-AA44-D8B0562C115F}.Release|Any CPU.Build.0 = Release|Any CPU
		{0F1D1C72-BE12-47D4-AA44-D8B0562C115F}.Staging|Any CPU.ActiveCfg = Debug|Any CPU
		{0F1D1C72-BE12-47D4-AA44-D8B0562C115F}.Staging|Any CPU.Build.0 = Debug|Any CPU
	EndGlobalSection
	GlobalSection(SolutionProperties) = preSolution
		HideSolutionNode = FALSE
	EndGlobalSection
	GlobalSection(NestedProjects) = preSolution
		{A44E8557-126B-4A6D-A7C9-B134E8C9A54A} = {5150739E-E6EA-4F87-AC40-F48E5F4FD593}
		{E895AEA0-14AA-4DD4-8CC6-DA6C4E3046C0} = {9C3617AE-2CE3-4F5F-9FFE-23DAE92AE354}
		{B690C47D-2918-4065-A6DB-257E10A13159} = {0A674584-54A9-4ADD-B845-D277AD3D74C2}
		{F4B6B4EB-2BD5-4690-ACBF-5D637F852F83} = {B690C47D-2918-4065-A6DB-257E10A13159}
		{AE53DD32-A079-42B0-9C34-797FDA401945} = {0A674584-54A9-4ADD-B845-D277AD3D74C2}
		{4BA76D74-2484-4F53-9221-ABC435FB0F67} = {AE53DD32-A079-42B0-9C34-797FDA401945}
		{050859BD-04A5-4185-BD31-B852403B02F2} = {B690C47D-2918-4065-A6DB-257E10A13159}
		{A2ECA2D2-B316-4F85-934E-DE2B0FCF6F26} = {A336C1D7-9866-4FD7-91F8-9FC7C1B1741A}
		{9E0B4F73-3B24-433C-9AB1-688ED90D2DCA} = {B690C47D-2918-4065-A6DB-257E10A13159}
		{C5D2BA5F-CAD3-4512-A813-2134725009D8} = {0A674584-54A9-4ADD-B845-D277AD3D74C2}
		{EFC841E9-DD6A-4D0C-9111-BBA94D77EAB6} = {C5D2BA5F-CAD3-4512-A813-2134725009D8}
		{6E9C7DA4-9EA3-47D5-A7F5-A82DD4CE302C} = {C5D2BA5F-CAD3-4512-A813-2134725009D8}
		{03E02A94-B1A0-4886-A0D6-AD944BA58FE5} = {C5D2BA5F-CAD3-4512-A813-2134725009D8}
		{11E243C4-243C-4D6E-BD68-7DA71B163715} = {5502A56B-567B-49A7-908B-64446FFCB05A}
		{74BCDE5F-941F-48F4-9753-5EB306F50A9B} = {0A674584-54A9-4ADD-B845-D277AD3D74C2}
		{34EC8A21-E102-459F-896F-14DEA2E73D84} = {74BCDE5F-941F-48F4-9753-5EB306F50A9B}
		{4279FAB0-97CA-411F-8135-40628438C629} = {74BCDE5F-941F-48F4-9753-5EB306F50A9B}
		{E37DB373-18D0-4C73-A126-7B263F8967FC} = {0A674584-54A9-4ADD-B845-D277AD3D74C2}
		{9CA1E00A-AB6F-470B-AC9F-486AE64BF640} = {E37DB373-18D0-4C73-A126-7B263F8967FC}
		{AEB72C7E-607D-4D67-ABBB-AD71B3C7B59B} = {0A674584-54A9-4ADD-B845-D277AD3D74C2}
		{DFD854A6-D675-439F-9BC2-7B69A425C888} = {AEB72C7E-607D-4D67-ABBB-AD71B3C7B59B}
		{0F1D1C72-BE12-47D4-AA44-D8B0562C115F} = {74BCDE5F-941F-48F4-9753-5EB306F50A9B}
	EndGlobalSection
	GlobalSection(ExtensibilityGlobals) = postSolution
		SolutionGuid = {F993D315-2032-47BD-9F81-54470F3E4588}
	EndGlobalSection
EndGlobal
