
Microsoft Visual Studio Solution File, Format Version 12.00
# Visual Studio Version 17
VisualStudioVersion = 17.1.32421.90
MinimumVisualStudioVersion = 10.0.40219.1
Project("{2150E333-8FDC-42A3-9474-1A3956D46DE8}") = "Web", "Web", "{5ADC76DB-A74F-4ED7-A07D-BF9BB650E265}"
EndProject
Project("{2150E333-8FDC-42A3-9474-1A3956D46DE8}") = "Content", "Content", "{C12A0E55-7FEE-4FE8-862A-B391C14D33BB}"
EndProject
Project("{2150E333-8FDC-42A3-9474-1A3956D46DE8}") = "Tools", "Tools", "{7E2E868B-136B-486E-BE48-77DCB340EEA3}"
EndProject
Project("{2150E333-8FDC-42A3-9474-1A3956D46DE8}") = "Migrations", "Migrations", "{2F2B4AFA-B87A-4208-84C1-F356E0B72967}"
EndProject
Project("{2150E333-8FDC-42A3-9474-1A3956D46DE8}") = "Framework", "Framework", "{2C658574-2342-4E6E-8812-92BCCBE8CA0A}"
EndProject
Project("{2150E333-8FDC-42A3-9474-1A3956D46DE8}") = "General", "General", "{5791F0ED-A0F2-436E-8E27-9E1DCFE3155C}"
EndProject
Project("{2150E333-8FDC-42A3-9474-1A3956D46DE8}") = "Files", "Files", "{CA0170C0-DF63-45FF-B4F5-E6D99F028F49}"
EndProject
Project("{2150E333-8FDC-42A3-9474-1A3956D46DE8}") = "Community", "Community", "{14D81709-8FB3-4F42-BD76-48CFCC45B161}"
EndProject
Project("{2150E333-8FDC-42A3-9474-1A3956D46DE8}") = "Libs", "Libs", "{63798959-4EC9-4869-9C0C-977192E687D2}"
EndProject
Project("{2150E333-8FDC-42A3-9474-1A3956D46DE8}") = "Boxyz", "Boxyz", "{EF2DCAD1-691F-4C66-86A2-92998DEA5A11}"
EndProject
Project("{2150E333-8FDC-42A3-9474-1A3956D46DE8}") = "Services", "Services", "{7518E2CE-7F84-4399-8D97-99D0F336AD71}"
EndProject
Project("{2150E333-8FDC-42A3-9474-1A3956D46DE8}") = "Obsolete", "Obsolete", "{878D4D86-7690-491D-A44A-CDE8F8D4A29E}"
EndProject
Project("{9A19103F-16F7-4668-BE54-9A1E7A4F7556}") = "SavaDev.Base.Data", "Framework\Libs\SavaDev.Base.Data\SavaDev.Base.Data.csproj", "{20677EBF-A2D6-47AA-84C7-81711A67799D}"
EndProject
Project("{9A19103F-16F7-4668-BE54-9A1E7A4F7556}") = "SavaDev.Base.Front", "Framework\Libs\SavaDev.Base.Front\SavaDev.Base.Front.csproj", "{22C440C4-B7B9-47D4-BA9C-8538A9DC4B34}"
EndProject
Project("{9A19103F-16F7-4668-BE54-9A1E7A4F7556}") = "SavaDev.Base.Unit", "Framework\Libs\SavaDev.Base.Unit\SavaDev.Base.Unit.csproj", "{69CBD1E5-0724-419C-8DCE-437AC96B57B9}"
EndProject
Project("{9A19103F-16F7-4668-BE54-9A1E7A4F7556}") = "SavaDev.UiBlazorStrap", "Framework\Libs\SavaDev.UiBlazorStrap\SavaDev.UiBlazorStrap.csproj", "{AA6B917B-4CE4-4CA7-96A3-FD103E7B0AA2}"
EndProject
Project("{9A19103F-16F7-4668-BE54-9A1E7A4F7556}") = "SavaDev.Infrastructure", "Framework\Libs\SavaDev.Infrastructure\SavaDev.Infrastructure.csproj", "{3E294C2B-524B-4F98-B973-4B5FBD0E4D34}"
EndProject
Project("{2150E333-8FDC-42A3-9474-1A3956D46DE8}") = "Articles", "Articles", "{22674028-7ECC-4B2A-BE04-ED3F94DB28BF}"
EndProject
Project("{9A19103F-16F7-4668-BE54-9A1E7A4F7556}") = "SavaDev.Articles.Data", "Framework\Services\Articles\SavaDev.Articles.Data\SavaDev.Articles.Data.csproj", "{F1F2551C-E717-4065-BE18-1E1E77020164}"
EndProject
Project("{9A19103F-16F7-4668-BE54-9A1E7A4F7556}") = "SavaDev.Articles.Front", "Framework\Services\Articles\SavaDev.Articles.Front\SavaDev.Articles.Front.csproj", "{DC09126F-89EE-40D3-9201-6C4EFAE41C09}"
EndProject
Project("{9A19103F-16F7-4668-BE54-9A1E7A4F7556}") = "SavaDev.Boxyz.Data", "Framework\Services\Boxyz\SavaDev.Boxyz.Data\SavaDev.Boxyz.Data.csproj", "{B2EFD479-0554-41F3-A6CF-EE39E9B1A71A}"
EndProject
Project("{9A19103F-16F7-4668-BE54-9A1E7A4F7556}") = "SavaDev.Boxyz.Front", "Framework\Services\Boxyz\SavaDev.Boxyz.Front\SavaDev.Boxyz.Front.csproj", "{F47FED0A-3216-4146-84A6-FC4C6C8BA21D}"
EndProject
Project("{2150E333-8FDC-42A3-9474-1A3956D46DE8}") = "Media", "Media", "{2E022A65-B6C8-4252-B63A-FC8FBC3587F1}"
EndProject
Project("{9A19103F-16F7-4668-BE54-9A1E7A4F7556}") = "SavaDev.Media.Data", "Framework\Services\Media\SavaDev.Media.Data\SavaDev.Media.Data.csproj", "{A7DED617-5BC9-4F20-BAB9-9C571E1132F9}"
EndProject
Project("{9A19103F-16F7-4668-BE54-9A1E7A4F7556}") = "SavaDev.Media.Front", "Framework\Services\Media\SavaDev.Media.Front\SavaDev.Media.Front.csproj", "{047DC71D-8484-401C-ADED-F59853CD51E5}"
EndProject
Project("{2150E333-8FDC-42A3-9474-1A3956D46DE8}") = "Forums", "Forums", "{BA60BC92-FD57-4F56-8BD3-D81AE4E540C8}"
EndProject
Project("{9A19103F-16F7-4668-BE54-9A1E7A4F7556}") = "SavaDev.Forums.Data", "Framework\Services\Forums\SavaDev.Forums.Data\SavaDev.Forums.Data.csproj", "{B6202506-CA2B-46E2-8420-4D06B38A03A1}"
EndProject
Project("{9A19103F-16F7-4668-BE54-9A1E7A4F7556}") = "SavaDev.Forums.Front", "Framework\Services\Forums\SavaDev.Forums.Front\SavaDev.Forums.Front.csproj", "{C3E7BF24-79B0-4F65-887B-BAF1A13BA7A8}"
EndProject
Project("{9A19103F-16F7-4668-BE54-9A1E7A4F7556}") = "Scene.Migrations.PostgreSql", "Migrations\Scene.Migrations.PostgreSql\Scene.Migrations.PostgreSql.csproj", "{470AF013-E64A-4A21-86EA-AD36819499AB}"
EndProject
Project("{9A19103F-16F7-4668-BE54-9A1E7A4F7556}") = "Scene.DataSeeder", "Tools\Scene.DataSeeder\Scene.DataSeeder.csproj", "{4AE4BAD1-EE6B-45A1-A7B3-CBD48E012AAA}"
EndProject
Project("{9A19103F-16F7-4668-BE54-9A1E7A4F7556}") = "Scene.Login.WebApp", "Web\Scene.Login.WebApp\Scene.Login.WebApp.csproj", "{9BCDB7AA-B9DF-45BF-9C5A-51588565AB5A}"
EndProject
Project("{9A19103F-16F7-4668-BE54-9A1E7A4F7556}") = "Scene.Manage.MudBlazorServer", "Web\Scene.Manage.MudBlazorServer\Scene.Manage.MudBlazorServer.csproj", "{B4E906C6-4ADA-48AD-A38C-D7FC7B385AA1}"
EndProject
Project("{9A19103F-16F7-4668-BE54-9A1E7A4F7556}") = "Scene.WebApi", "Web\Scene.WebApi\Scene.WebApi.csproj", "{C4B138BD-E1FA-4586-8493-7FE8A5858B7A}"
EndProject
Project("{2150E333-8FDC-42A3-9474-1A3956D46DE8}") = "Libs", "Libs", "{76D31389-15D1-4816-A383-7B44A5D9EE0A}"
EndProject
Project("{9A19103F-16F7-4668-BE54-9A1E7A4F7556}") = "Framework.Helpers", "Framework\Obsolete\Framework.Helpers\Framework.Helpers.csproj", "{DC3163FF-F6C1-426D-9ABB-EC1B8F32E9D7}"
EndProject
Project("{2150E333-8FDC-42A3-9474-1A3956D46DE8}") = "Tests", "Tests", "{EAC1D12D-BDE3-458C-8152-B76E7C92CC35}"
EndProject
Project("{9A19103F-16F7-4668-BE54-9A1E7A4F7556}") = "SavaDev.Libs.UnitTestingHelpers", "Framework\Tests\SavaDev.Libs.UnitTestingHelpers\SavaDev.Libs.UnitTestingHelpers.csproj", "{3DB015C6-2BFB-4D10-ADBC-4D010BE59BE5}"
EndProject
Project("{9A19103F-16F7-4668-BE54-9A1E7A4F7556}") = "SavaDev.Libs.Tests", "Framework\Tests\SavaDev.Libs.Tests\SavaDev.Libs.Tests.csproj", "{7C4D10F4-7749-435E-B313-3406B67BC3D7}"
EndProject
Project("{9A19103F-16F7-4668-BE54-9A1E7A4F7556}") = "SavaDev.Services.Tests", "Framework\Tests\SavaDev.Services.Tests\SavaDev.Services.Tests.csproj", "{6C7BFE81-BBE4-4DE2-B625-D2C188F73A87}"
EndProject
Project("{2150E333-8FDC-42A3-9474-1A3956D46DE8}") = "Users", "Users", "{EF0BD9D2-4A4D-4455-B6B5-346F61221A9E}"
EndProject
Project("{9A19103F-16F7-4668-BE54-9A1E7A4F7556}") = "SavaDev.Base.Users.Data", "Framework\Services\Users\SavaDev.Base.Users.Data\SavaDev.Base.Users.Data.csproj", "{42DB36DB-B13C-4484-928A-E089E1936461}"
EndProject
Project("{9A19103F-16F7-4668-BE54-9A1E7A4F7556}") = "SavaDev.Users.Data", "Framework\Services\Users\SavaDev.Users.Data\SavaDev.Users.Data.csproj", "{D2E7A823-F617-44EC-A777-FF4BE90C8D77}"
EndProject
Project("{9A19103F-16F7-4668-BE54-9A1E7A4F7556}") = "SavaDev.Users.Front", "Framework\Services\Users\SavaDev.Users.Front\SavaDev.Users.Front.csproj", "{502DC8AA-F889-4A07-8014-8028408E50C4}"
EndProject
Project("{9A19103F-16F7-4668-BE54-9A1E7A4F7556}") = "SavaDev.Community.Data", "Framework\Services\Community\SavaDev.Community.Data\SavaDev.Community.Data.csproj", "{B763E15A-B18F-41B9-85EA-6F04DFA05A31}"
EndProject
Project("{9A19103F-16F7-4668-BE54-9A1E7A4F7556}") = "SavaDev.Community.Front", "Framework\Services\Community\SavaDev.Community.Front\SavaDev.Community.Front.csproj", "{15FACFD3-0643-4B2B-B6C1-22C1A2438430}"
EndProject
Project("{9A19103F-16F7-4668-BE54-9A1E7A4F7556}") = "SavaDev.Content.Data", "Framework\Services\Content\SavaDev.Content.Data\SavaDev.Content.Data.csproj", "{BEBE1166-14A8-4F9C-9026-5128BEF8E4DC}"
EndProject
Project("{9A19103F-16F7-4668-BE54-9A1E7A4F7556}") = "SavaDev.Files.Data", "Framework\Services\Files\SavaDev.Files.Data\SavaDev.Files.Data.csproj", "{F0106108-6B31-46C3-BE6A-E9EFFB692D65}"
EndProject
Project("{9A19103F-16F7-4668-BE54-9A1E7A4F7556}") = "SavaDev.Files.Front", "Framework\Services\Files\SavaDev.Files.Front\SavaDev.Files.Front.csproj", "{F228EA4D-CB17-402D-95FA-74AF5A8E28CF}"
EndProject
Project("{9A19103F-16F7-4668-BE54-9A1E7A4F7556}") = "SavaDev.General.Data", "Framework\Services\General\SavaDev.General.Data\SavaDev.General.Data.csproj", "{C2687A0F-DFF5-4280-8C7C-22230F32948F}"
EndProject
Project("{9A19103F-16F7-4668-BE54-9A1E7A4F7556}") = "SavaDev.General.Front", "Framework\Services\General\SavaDev.General.Front\SavaDev.General.Front.csproj", "{4895F449-9EF7-45F0-98BC-3944CA4FACBC}"
EndProject
Project("{9A19103F-16F7-4668-BE54-9A1E7A4F7556}") = "SavaDev.Base.Users.Security", "Framework\Services\Users\SavaDev.Base.Users.Security\SavaDev.Base.Users.Security.csproj", "{16371D7A-91D2-4955-B340-487DBB27D383}"
EndProject
Project("{9A19103F-16F7-4668-BE54-9A1E7A4F7556}") = "Scene.Migrations.MsSql", "Migrations\Scene.Migrations.MsSql\Scene.Migrations.MsSql.csproj", "{F8D8636C-24F8-416C-9A9D-A8A786495B49}"
EndProject
Project("{9A19103F-16F7-4668-BE54-9A1E7A4F7556}") = "SavaDev.UiMudBlazor", "Framework\Libs\SavaDev.UiMudBlazor\SavaDev.UiMudBlazor.csproj", "{72FC73F2-1252-41A7-B411-D411FC41BAFC}"
EndProject
Project("{2150E333-8FDC-42A3-9474-1A3956D46DE8}") = "Scheme", "Scheme", "{860B4295-F68B-4528-98A0-419849C60414}"
EndProject
Project("{9A19103F-16F7-4668-BE54-9A1E7A4F7556}") = "SavaDev.Scheme.Data", "Framework\Services\Scheme\SavaDev.Scheme.Data\SavaDev.Scheme.Data.csproj", "{0F957AD4-98A9-48D2-86FA-0C93A5014E98}"
EndProject
Project("{9A19103F-16F7-4668-BE54-9A1E7A4F7556}") = "SavaDev.Scheme.Front", "Framework\Services\Scheme\SavaDev.Scheme.Front\SavaDev.Scheme.Front.csproj", "{7CE0A5F5-D827-4DD0-BBA0-DF1C51D8A557}"
EndProject
Project("{2150E333-8FDC-42A3-9474-1A3956D46DE8}") = "Mail", "Mail", "{D4425DCE-C5A5-40C7-85AD-0DC15B489F7A}"
EndProject
Project("{9A19103F-16F7-4668-BE54-9A1E7A4F7556}") = "SavaDev.Mail.Service", "Framework\Services\Mail\SavaDev.Mail.Service\SavaDev.Mail.Service.csproj", "{0E01ED65-500D-4EE4-9FC0-1E9976DE0B68}"
EndProject
Project("{9A19103F-16F7-4668-BE54-9A1E7A4F7556}") = "Scene.Mail.WebApi", "Web\Scene.Mail.WebApi\Scene.Mail.WebApi.csproj", "{E1E9264B-C95E-4DFA-B57E-366B27BA319A}"
EndProject
Project("{9A19103F-16F7-4668-BE54-9A1E7A4F7556}") = "Scene.Libs.WebModule", "Libs\Scene.Libs.WebModule\Scene.Libs.WebModule.csproj", "{2FA1A247-1A41-4D91-BBFF-334917496B13}"
EndProject
Project("{9A19103F-16F7-4668-BE54-9A1E7A4F7556}") = "Scene.Files.WebApi", "Web\Scene.Files.WebApi\Scene.Files.WebApi.csproj", "{7A26C524-E2CB-429D-A922-E1D2EB161643}"
EndProject
Project("{9A19103F-16F7-4668-BE54-9A1E7A4F7556}") = "SavaDev.Files.Service", "Framework\Services\Files\SavaDev.Files.Service\SavaDev.Files.Service.csproj", "{1D64C731-F3A2-4765-8FCD-417199A233C2}"
EndProject
Project("{9A19103F-16F7-4668-BE54-9A1E7A4F7556}") = "SavaDev.Base.Users.Front", "Framework\Services\Users\SavaDev.Base.Users.Front\SavaDev.Base.Users.Front.csproj", "{64B84A61-D7EE-40FA-85E3-F2DF851BF243}"
EndProject
Project("{9A19103F-16F7-4668-BE54-9A1E7A4F7556}") = "SavaDev.Media.UiBlazorStrap", "Framework\Services\Media\SavaDev.Media.UiBlazorStrap\SavaDev.Media.UiBlazorStrap.csproj", "{1351B5C6-089A-4574-AE73-92B7939F1907}"
EndProject
Project("{9A19103F-16F7-4668-BE54-9A1E7A4F7556}") = "SavaDev.Community.UiBlazorStrap", "Framework\Services\Community\SavaDev.Community.UiBlazorStrap\SavaDev.Community.UiBlazorStrap.csproj", "{A05030EC-4259-4C6C-AF4C-E21D62CE7A59}"
EndProject
Project("{9A19103F-16F7-4668-BE54-9A1E7A4F7556}") = "SavaDev.Content.UiBlazorStrap", "Framework\Services\Content\SavaDev.Content.UiBlazorStrap\SavaDev.Content.UiBlazorStrap.csproj", "{CE90B9F2-4E26-491B-A942-7314209A5360}"
EndProject
Project("{9A19103F-16F7-4668-BE54-9A1E7A4F7556}") = "SavaDev.General.UiBlazorStrap", "Framework\Services\General\SavaDev.General.UiBlazorStrap\SavaDev.General.UiBlazorStrap.csproj", "{9B11C634-4668-4016-B623-6C9838F57E32}"
EndProject
Project("{9A19103F-16F7-4668-BE54-9A1E7A4F7556}") = "SavaDev.Files.UiBlazorStrap", "Framework\Services\Files\SavaDev.Files.UiBlazorStrap\SavaDev.Files.UiBlazorStrap.csproj", "{896318B2-DCC1-4852-8F9B-494E03351A30}"
EndProject
Project("{2150E333-8FDC-42A3-9474-1A3956D46DE8}") = "DevTools", "DevTools", "{2816E070-19CE-4139-A6E5-3AFA9D522B64}"
EndProject
Project("{9A19103F-16F7-4668-BE54-9A1E7A4F7556}") = "SavaDev.MigrationsMaker", "Framework\DevTools\SavaDev.MigrationsMaker\SavaDev.MigrationsMaker.csproj", "{2A17C103-11F9-4A0E-8396-B9ADB828317D}"
EndProject
Project("{9A19103F-16F7-4668-BE54-9A1E7A4F7556}") = "SavaDev.Content.View", "Framework\Services\Content\SavaDev.Content.View\SavaDev.Content.View.csproj", "{070C1ED5-46A1-4F1D-8A88-52C0F772F0F4}"
EndProject
Global
	GlobalSection(SolutionConfigurationPlatforms) = preSolution
		Debug|Any CPU = Debug|Any CPU
		Release|Any CPU = Release|Any CPU
		Staging|Any CPU = Staging|Any CPU
	EndGlobalSection
	GlobalSection(ProjectConfigurationPlatforms) = postSolution
		{20677EBF-A2D6-47AA-84C7-81711A67799D}.Debug|Any CPU.ActiveCfg = Debug|Any CPU
		{20677EBF-A2D6-47AA-84C7-81711A67799D}.Debug|Any CPU.Build.0 = Debug|Any CPU
		{20677EBF-A2D6-47AA-84C7-81711A67799D}.Release|Any CPU.ActiveCfg = Release|Any CPU
		{20677EBF-A2D6-47AA-84C7-81711A67799D}.Release|Any CPU.Build.0 = Release|Any CPU
		{20677EBF-A2D6-47AA-84C7-81711A67799D}.Staging|Any CPU.ActiveCfg = Debug|Any CPU
		{20677EBF-A2D6-47AA-84C7-81711A67799D}.Staging|Any CPU.Build.0 = Debug|Any CPU
		{22C440C4-B7B9-47D4-BA9C-8538A9DC4B34}.Debug|Any CPU.ActiveCfg = Debug|Any CPU
		{22C440C4-B7B9-47D4-BA9C-8538A9DC4B34}.Debug|Any CPU.Build.0 = Debug|Any CPU
		{22C440C4-B7B9-47D4-BA9C-8538A9DC4B34}.Release|Any CPU.ActiveCfg = Release|Any CPU
		{22C440C4-B7B9-47D4-BA9C-8538A9DC4B34}.Release|Any CPU.Build.0 = Release|Any CPU
		{22C440C4-B7B9-47D4-BA9C-8538A9DC4B34}.Staging|Any CPU.ActiveCfg = Debug|Any CPU
		{22C440C4-B7B9-47D4-BA9C-8538A9DC4B34}.Staging|Any CPU.Build.0 = Debug|Any CPU
		{69CBD1E5-0724-419C-8DCE-437AC96B57B9}.Debug|Any CPU.ActiveCfg = Debug|Any CPU
		{69CBD1E5-0724-419C-8DCE-437AC96B57B9}.Debug|Any CPU.Build.0 = Debug|Any CPU
		{69CBD1E5-0724-419C-8DCE-437AC96B57B9}.Release|Any CPU.ActiveCfg = Release|Any CPU
		{69CBD1E5-0724-419C-8DCE-437AC96B57B9}.Release|Any CPU.Build.0 = Release|Any CPU
		{69CBD1E5-0724-419C-8DCE-437AC96B57B9}.Staging|Any CPU.ActiveCfg = Debug|Any CPU
		{69CBD1E5-0724-419C-8DCE-437AC96B57B9}.Staging|Any CPU.Build.0 = Debug|Any CPU
		{AA6B917B-4CE4-4CA7-96A3-FD103E7B0AA2}.Debug|Any CPU.ActiveCfg = Debug|Any CPU
		{AA6B917B-4CE4-4CA7-96A3-FD103E7B0AA2}.Debug|Any CPU.Build.0 = Debug|Any CPU
		{AA6B917B-4CE4-4CA7-96A3-FD103E7B0AA2}.Release|Any CPU.ActiveCfg = Release|Any CPU
		{AA6B917B-4CE4-4CA7-96A3-FD103E7B0AA2}.Release|Any CPU.Build.0 = Release|Any CPU
		{AA6B917B-4CE4-4CA7-96A3-FD103E7B0AA2}.Staging|Any CPU.ActiveCfg = Debug|Any CPU
		{AA6B917B-4CE4-4CA7-96A3-FD103E7B0AA2}.Staging|Any CPU.Build.0 = Debug|Any CPU
		{3E294C2B-524B-4F98-B973-4B5FBD0E4D34}.Debug|Any CPU.ActiveCfg = Debug|Any CPU
		{3E294C2B-524B-4F98-B973-4B5FBD0E4D34}.Debug|Any CPU.Build.0 = Debug|Any CPU
		{3E294C2B-524B-4F98-B973-4B5FBD0E4D34}.Release|Any CPU.ActiveCfg = Release|Any CPU
		{3E294C2B-524B-4F98-B973-4B5FBD0E4D34}.Release|Any CPU.Build.0 = Release|Any CPU
		{3E294C2B-524B-4F98-B973-4B5FBD0E4D34}.Staging|Any CPU.ActiveCfg = Debug|Any CPU
		{3E294C2B-524B-4F98-B973-4B5FBD0E4D34}.Staging|Any CPU.Build.0 = Debug|Any CPU
		{F1F2551C-E717-4065-BE18-1E1E77020164}.Debug|Any CPU.ActiveCfg = Debug|Any CPU
		{F1F2551C-E717-4065-BE18-1E1E77020164}.Debug|Any CPU.Build.0 = Debug|Any CPU
		{F1F2551C-E717-4065-BE18-1E1E77020164}.Release|Any CPU.ActiveCfg = Release|Any CPU
		{F1F2551C-E717-4065-BE18-1E1E77020164}.Release|Any CPU.Build.0 = Release|Any CPU
		{F1F2551C-E717-4065-BE18-1E1E77020164}.Staging|Any CPU.ActiveCfg = Debug|Any CPU
		{F1F2551C-E717-4065-BE18-1E1E77020164}.Staging|Any CPU.Build.0 = Debug|Any CPU
		{DC09126F-89EE-40D3-9201-6C4EFAE41C09}.Debug|Any CPU.ActiveCfg = Debug|Any CPU
		{DC09126F-89EE-40D3-9201-6C4EFAE41C09}.Debug|Any CPU.Build.0 = Debug|Any CPU
		{DC09126F-89EE-40D3-9201-6C4EFAE41C09}.Release|Any CPU.ActiveCfg = Release|Any CPU
		{DC09126F-89EE-40D3-9201-6C4EFAE41C09}.Release|Any CPU.Build.0 = Release|Any CPU
		{DC09126F-89EE-40D3-9201-6C4EFAE41C09}.Staging|Any CPU.ActiveCfg = Debug|Any CPU
		{DC09126F-89EE-40D3-9201-6C4EFAE41C09}.Staging|Any CPU.Build.0 = Debug|Any CPU
		{B2EFD479-0554-41F3-A6CF-EE39E9B1A71A}.Debug|Any CPU.ActiveCfg = Debug|Any CPU
		{B2EFD479-0554-41F3-A6CF-EE39E9B1A71A}.Debug|Any CPU.Build.0 = Debug|Any CPU
		{B2EFD479-0554-41F3-A6CF-EE39E9B1A71A}.Release|Any CPU.ActiveCfg = Release|Any CPU
		{B2EFD479-0554-41F3-A6CF-EE39E9B1A71A}.Release|Any CPU.Build.0 = Release|Any CPU
		{B2EFD479-0554-41F3-A6CF-EE39E9B1A71A}.Staging|Any CPU.ActiveCfg = Debug|Any CPU
		{B2EFD479-0554-41F3-A6CF-EE39E9B1A71A}.Staging|Any CPU.Build.0 = Debug|Any CPU
		{F47FED0A-3216-4146-84A6-FC4C6C8BA21D}.Debug|Any CPU.ActiveCfg = Debug|Any CPU
		{F47FED0A-3216-4146-84A6-FC4C6C8BA21D}.Debug|Any CPU.Build.0 = Debug|Any CPU
		{F47FED0A-3216-4146-84A6-FC4C6C8BA21D}.Release|Any CPU.ActiveCfg = Release|Any CPU
		{F47FED0A-3216-4146-84A6-FC4C6C8BA21D}.Release|Any CPU.Build.0 = Release|Any CPU
		{F47FED0A-3216-4146-84A6-FC4C6C8BA21D}.Staging|Any CPU.ActiveCfg = Debug|Any CPU
		{F47FED0A-3216-4146-84A6-FC4C6C8BA21D}.Staging|Any CPU.Build.0 = Debug|Any CPU
		{A7DED617-5BC9-4F20-BAB9-9C571E1132F9}.Debug|Any CPU.ActiveCfg = Debug|Any CPU
		{A7DED617-5BC9-4F20-BAB9-9C571E1132F9}.Debug|Any CPU.Build.0 = Debug|Any CPU
		{A7DED617-5BC9-4F20-BAB9-9C571E1132F9}.Release|Any CPU.ActiveCfg = Release|Any CPU
		{A7DED617-5BC9-4F20-BAB9-9C571E1132F9}.Release|Any CPU.Build.0 = Release|Any CPU
		{A7DED617-5BC9-4F20-BAB9-9C571E1132F9}.Staging|Any CPU.ActiveCfg = Debug|Any CPU
		{A7DED617-5BC9-4F20-BAB9-9C571E1132F9}.Staging|Any CPU.Build.0 = Debug|Any CPU
		{047DC71D-8484-401C-ADED-F59853CD51E5}.Debug|Any CPU.ActiveCfg = Debug|Any CPU
		{047DC71D-8484-401C-ADED-F59853CD51E5}.Debug|Any CPU.Build.0 = Debug|Any CPU
		{047DC71D-8484-401C-ADED-F59853CD51E5}.Release|Any CPU.ActiveCfg = Release|Any CPU
		{047DC71D-8484-401C-ADED-F59853CD51E5}.Release|Any CPU.Build.0 = Release|Any CPU
		{047DC71D-8484-401C-ADED-F59853CD51E5}.Staging|Any CPU.ActiveCfg = Debug|Any CPU
		{047DC71D-8484-401C-ADED-F59853CD51E5}.Staging|Any CPU.Build.0 = Debug|Any CPU
		{B6202506-CA2B-46E2-8420-4D06B38A03A1}.Debug|Any CPU.ActiveCfg = Debug|Any CPU
		{B6202506-CA2B-46E2-8420-4D06B38A03A1}.Debug|Any CPU.Build.0 = Debug|Any CPU
		{B6202506-CA2B-46E2-8420-4D06B38A03A1}.Release|Any CPU.ActiveCfg = Release|Any CPU
		{B6202506-CA2B-46E2-8420-4D06B38A03A1}.Release|Any CPU.Build.0 = Release|Any CPU
		{B6202506-CA2B-46E2-8420-4D06B38A03A1}.Staging|Any CPU.ActiveCfg = Debug|Any CPU
		{B6202506-CA2B-46E2-8420-4D06B38A03A1}.Staging|Any CPU.Build.0 = Debug|Any CPU
		{C3E7BF24-79B0-4F65-887B-BAF1A13BA7A8}.Debug|Any CPU.ActiveCfg = Debug|Any CPU
		{C3E7BF24-79B0-4F65-887B-BAF1A13BA7A8}.Debug|Any CPU.Build.0 = Debug|Any CPU
		{C3E7BF24-79B0-4F65-887B-BAF1A13BA7A8}.Release|Any CPU.ActiveCfg = Release|Any CPU
		{C3E7BF24-79B0-4F65-887B-BAF1A13BA7A8}.Release|Any CPU.Build.0 = Release|Any CPU
		{C3E7BF24-79B0-4F65-887B-BAF1A13BA7A8}.Staging|Any CPU.ActiveCfg = Debug|Any CPU
		{C3E7BF24-79B0-4F65-887B-BAF1A13BA7A8}.Staging|Any CPU.Build.0 = Debug|Any CPU
		{470AF013-E64A-4A21-86EA-AD36819499AB}.Debug|Any CPU.ActiveCfg = Debug|Any CPU
		{470AF013-E64A-4A21-86EA-AD36819499AB}.Debug|Any CPU.Build.0 = Debug|Any CPU
		{470AF013-E64A-4A21-86EA-AD36819499AB}.Release|Any CPU.ActiveCfg = Release|Any CPU
		{470AF013-E64A-4A21-86EA-AD36819499AB}.Release|Any CPU.Build.0 = Release|Any CPU
		{470AF013-E64A-4A21-86EA-AD36819499AB}.Staging|Any CPU.ActiveCfg = Debug|Any CPU
		{470AF013-E64A-4A21-86EA-AD36819499AB}.Staging|Any CPU.Build.0 = Debug|Any CPU
		{4AE4BAD1-EE6B-45A1-A7B3-CBD48E012AAA}.Debug|Any CPU.ActiveCfg = Debug|Any CPU
		{4AE4BAD1-EE6B-45A1-A7B3-CBD48E012AAA}.Debug|Any CPU.Build.0 = Debug|Any CPU
		{4AE4BAD1-EE6B-45A1-A7B3-CBD48E012AAA}.Release|Any CPU.ActiveCfg = Release|Any CPU
		{4AE4BAD1-EE6B-45A1-A7B3-CBD48E012AAA}.Release|Any CPU.Build.0 = Release|Any CPU
		{4AE4BAD1-EE6B-45A1-A7B3-CBD48E012AAA}.Staging|Any CPU.ActiveCfg = Debug|Any CPU
		{4AE4BAD1-EE6B-45A1-A7B3-CBD48E012AAA}.Staging|Any CPU.Build.0 = Debug|Any CPU
		{9BCDB7AA-B9DF-45BF-9C5A-51588565AB5A}.Debug|Any CPU.ActiveCfg = Debug|Any CPU
		{9BCDB7AA-B9DF-45BF-9C5A-51588565AB5A}.Debug|Any CPU.Build.0 = Debug|Any CPU
		{9BCDB7AA-B9DF-45BF-9C5A-51588565AB5A}.Release|Any CPU.ActiveCfg = Release|Any CPU
		{9BCDB7AA-B9DF-45BF-9C5A-51588565AB5A}.Release|Any CPU.Build.0 = Release|Any CPU
		{9BCDB7AA-B9DF-45BF-9C5A-51588565AB5A}.Staging|Any CPU.ActiveCfg = Debug|Any CPU
		{9BCDB7AA-B9DF-45BF-9C5A-51588565AB5A}.Staging|Any CPU.Build.0 = Debug|Any CPU
		{B4E906C6-4ADA-48AD-A38C-D7FC7B385AA1}.Debug|Any CPU.ActiveCfg = Debug|Any CPU
		{B4E906C6-4ADA-48AD-A38C-D7FC7B385AA1}.Debug|Any CPU.Build.0 = Debug|Any CPU
		{B4E906C6-4ADA-48AD-A38C-D7FC7B385AA1}.Release|Any CPU.ActiveCfg = Release|Any CPU
		{B4E906C6-4ADA-48AD-A38C-D7FC7B385AA1}.Release|Any CPU.Build.0 = Release|Any CPU
		{B4E906C6-4ADA-48AD-A38C-D7FC7B385AA1}.Staging|Any CPU.ActiveCfg = Debug|Any CPU
		{B4E906C6-4ADA-48AD-A38C-D7FC7B385AA1}.Staging|Any CPU.Build.0 = Debug|Any CPU
		{C4B138BD-E1FA-4586-8493-7FE8A5858B7A}.Debug|Any CPU.ActiveCfg = Debug|Any CPU
		{C4B138BD-E1FA-4586-8493-7FE8A5858B7A}.Debug|Any CPU.Build.0 = Debug|Any CPU
		{C4B138BD-E1FA-4586-8493-7FE8A5858B7A}.Release|Any CPU.ActiveCfg = Release|Any CPU
		{C4B138BD-E1FA-4586-8493-7FE8A5858B7A}.Release|Any CPU.Build.0 = Release|Any CPU
		{C4B138BD-E1FA-4586-8493-7FE8A5858B7A}.Staging|Any CPU.ActiveCfg = Debug|Any CPU
		{C4B138BD-E1FA-4586-8493-7FE8A5858B7A}.Staging|Any CPU.Build.0 = Debug|Any CPU
		{DC3163FF-F6C1-426D-9ABB-EC1B8F32E9D7}.Debug|Any CPU.ActiveCfg = Debug|Any CPU
		{DC3163FF-F6C1-426D-9ABB-EC1B8F32E9D7}.Debug|Any CPU.Build.0 = Debug|Any CPU
		{DC3163FF-F6C1-426D-9ABB-EC1B8F32E9D7}.Release|Any CPU.ActiveCfg = Release|Any CPU
		{DC3163FF-F6C1-426D-9ABB-EC1B8F32E9D7}.Release|Any CPU.Build.0 = Release|Any CPU
		{DC3163FF-F6C1-426D-9ABB-EC1B8F32E9D7}.Staging|Any CPU.ActiveCfg = Staging|Any CPU
		{DC3163FF-F6C1-426D-9ABB-EC1B8F32E9D7}.Staging|Any CPU.Build.0 = Staging|Any CPU
		{3DB015C6-2BFB-4D10-ADBC-4D010BE59BE5}.Debug|Any CPU.ActiveCfg = Debug|Any CPU
		{3DB015C6-2BFB-4D10-ADBC-4D010BE59BE5}.Debug|Any CPU.Build.0 = Debug|Any CPU
		{3DB015C6-2BFB-4D10-ADBC-4D010BE59BE5}.Release|Any CPU.ActiveCfg = Release|Any CPU
		{3DB015C6-2BFB-4D10-ADBC-4D010BE59BE5}.Release|Any CPU.Build.0 = Release|Any CPU
		{3DB015C6-2BFB-4D10-ADBC-4D010BE59BE5}.Staging|Any CPU.ActiveCfg = Staging|Any CPU
		{3DB015C6-2BFB-4D10-ADBC-4D010BE59BE5}.Staging|Any CPU.Build.0 = Staging|Any CPU
		{7C4D10F4-7749-435E-B313-3406B67BC3D7}.Debug|Any CPU.ActiveCfg = Debug|Any CPU
		{7C4D10F4-7749-435E-B313-3406B67BC3D7}.Debug|Any CPU.Build.0 = Debug|Any CPU
		{7C4D10F4-7749-435E-B313-3406B67BC3D7}.Release|Any CPU.ActiveCfg = Release|Any CPU
		{7C4D10F4-7749-435E-B313-3406B67BC3D7}.Release|Any CPU.Build.0 = Release|Any CPU
		{7C4D10F4-7749-435E-B313-3406B67BC3D7}.Staging|Any CPU.ActiveCfg = Debug|Any CPU
		{7C4D10F4-7749-435E-B313-3406B67BC3D7}.Staging|Any CPU.Build.0 = Debug|Any CPU
		{6C7BFE81-BBE4-4DE2-B625-D2C188F73A87}.Debug|Any CPU.ActiveCfg = Debug|Any CPU
		{6C7BFE81-BBE4-4DE2-B625-D2C188F73A87}.Debug|Any CPU.Build.0 = Debug|Any CPU
		{6C7BFE81-BBE4-4DE2-B625-D2C188F73A87}.Release|Any CPU.ActiveCfg = Release|Any CPU
		{6C7BFE81-BBE4-4DE2-B625-D2C188F73A87}.Release|Any CPU.Build.0 = Release|Any CPU
		{6C7BFE81-BBE4-4DE2-B625-D2C188F73A87}.Staging|Any CPU.ActiveCfg = Debug|Any CPU
		{6C7BFE81-BBE4-4DE2-B625-D2C188F73A87}.Staging|Any CPU.Build.0 = Debug|Any CPU
		{42DB36DB-B13C-4484-928A-E089E1936461}.Debug|Any CPU.ActiveCfg = Debug|Any CPU
		{42DB36DB-B13C-4484-928A-E089E1936461}.Debug|Any CPU.Build.0 = Debug|Any CPU
		{42DB36DB-B13C-4484-928A-E089E1936461}.Release|Any CPU.ActiveCfg = Release|Any CPU
		{42DB36DB-B13C-4484-928A-E089E1936461}.Release|Any CPU.Build.0 = Release|Any CPU
		{42DB36DB-B13C-4484-928A-E089E1936461}.Staging|Any CPU.ActiveCfg = Staging|Any CPU
		{42DB36DB-B13C-4484-928A-E089E1936461}.Staging|Any CPU.Build.0 = Staging|Any CPU
		{D2E7A823-F617-44EC-A777-FF4BE90C8D77}.Debug|Any CPU.ActiveCfg = Debug|Any CPU
		{D2E7A823-F617-44EC-A777-FF4BE90C8D77}.Debug|Any CPU.Build.0 = Debug|Any CPU
		{D2E7A823-F617-44EC-A777-FF4BE90C8D77}.Release|Any CPU.ActiveCfg = Release|Any CPU
		{D2E7A823-F617-44EC-A777-FF4BE90C8D77}.Release|Any CPU.Build.0 = Release|Any CPU
		{D2E7A823-F617-44EC-A777-FF4BE90C8D77}.Staging|Any CPU.ActiveCfg = Debug|Any CPU
		{D2E7A823-F617-44EC-A777-FF4BE90C8D77}.Staging|Any CPU.Build.0 = Debug|Any CPU
		{502DC8AA-F889-4A07-8014-8028408E50C4}.Debug|Any CPU.ActiveCfg = Debug|Any CPU
		{502DC8AA-F889-4A07-8014-8028408E50C4}.Debug|Any CPU.Build.0 = Debug|Any CPU
		{502DC8AA-F889-4A07-8014-8028408E50C4}.Release|Any CPU.ActiveCfg = Release|Any CPU
		{502DC8AA-F889-4A07-8014-8028408E50C4}.Release|Any CPU.Build.0 = Release|Any CPU
		{502DC8AA-F889-4A07-8014-8028408E50C4}.Staging|Any CPU.ActiveCfg = Debug|Any CPU
		{502DC8AA-F889-4A07-8014-8028408E50C4}.Staging|Any CPU.Build.0 = Debug|Any CPU
		{B763E15A-B18F-41B9-85EA-6F04DFA05A31}.Debug|Any CPU.ActiveCfg = Debug|Any CPU
		{B763E15A-B18F-41B9-85EA-6F04DFA05A31}.Debug|Any CPU.Build.0 = Debug|Any CPU
		{B763E15A-B18F-41B9-85EA-6F04DFA05A31}.Release|Any CPU.ActiveCfg = Release|Any CPU
		{B763E15A-B18F-41B9-85EA-6F04DFA05A31}.Release|Any CPU.Build.0 = Release|Any CPU
		{B763E15A-B18F-41B9-85EA-6F04DFA05A31}.Staging|Any CPU.ActiveCfg = Debug|Any CPU
		{B763E15A-B18F-41B9-85EA-6F04DFA05A31}.Staging|Any CPU.Build.0 = Debug|Any CPU
		{15FACFD3-0643-4B2B-B6C1-22C1A2438430}.Debug|Any CPU.ActiveCfg = Debug|Any CPU
		{15FACFD3-0643-4B2B-B6C1-22C1A2438430}.Debug|Any CPU.Build.0 = Debug|Any CPU
		{15FACFD3-0643-4B2B-B6C1-22C1A2438430}.Release|Any CPU.ActiveCfg = Release|Any CPU
		{15FACFD3-0643-4B2B-B6C1-22C1A2438430}.Release|Any CPU.Build.0 = Release|Any CPU
		{15FACFD3-0643-4B2B-B6C1-22C1A2438430}.Staging|Any CPU.ActiveCfg = Debug|Any CPU
		{15FACFD3-0643-4B2B-B6C1-22C1A2438430}.Staging|Any CPU.Build.0 = Debug|Any CPU
		{BEBE1166-14A8-4F9C-9026-5128BEF8E4DC}.Debug|Any CPU.ActiveCfg = Debug|Any CPU
		{BEBE1166-14A8-4F9C-9026-5128BEF8E4DC}.Debug|Any CPU.Build.0 = Debug|Any CPU
		{BEBE1166-14A8-4F9C-9026-5128BEF8E4DC}.Release|Any CPU.ActiveCfg = Release|Any CPU
		{BEBE1166-14A8-4F9C-9026-5128BEF8E4DC}.Release|Any CPU.Build.0 = Release|Any CPU
		{BEBE1166-14A8-4F9C-9026-5128BEF8E4DC}.Staging|Any CPU.ActiveCfg = Debug|Any CPU
		{BEBE1166-14A8-4F9C-9026-5128BEF8E4DC}.Staging|Any CPU.Build.0 = Debug|Any CPU
		{F0106108-6B31-46C3-BE6A-E9EFFB692D65}.Debug|Any CPU.ActiveCfg = Debug|Any CPU
		{F0106108-6B31-46C3-BE6A-E9EFFB692D65}.Debug|Any CPU.Build.0 = Debug|Any CPU
		{F0106108-6B31-46C3-BE6A-E9EFFB692D65}.Release|Any CPU.ActiveCfg = Release|Any CPU
		{F0106108-6B31-46C3-BE6A-E9EFFB692D65}.Release|Any CPU.Build.0 = Release|Any CPU
		{F0106108-6B31-46C3-BE6A-E9EFFB692D65}.Staging|Any CPU.ActiveCfg = Debug|Any CPU
		{F0106108-6B31-46C3-BE6A-E9EFFB692D65}.Staging|Any CPU.Build.0 = Debug|Any CPU
		{F228EA4D-CB17-402D-95FA-74AF5A8E28CF}.Debug|Any CPU.ActiveCfg = Debug|Any CPU
		{F228EA4D-CB17-402D-95FA-74AF5A8E28CF}.Debug|Any CPU.Build.0 = Debug|Any CPU
		{F228EA4D-CB17-402D-95FA-74AF5A8E28CF}.Release|Any CPU.ActiveCfg = Release|Any CPU
		{F228EA4D-CB17-402D-95FA-74AF5A8E28CF}.Release|Any CPU.Build.0 = Release|Any CPU
		{F228EA4D-CB17-402D-95FA-74AF5A8E28CF}.Staging|Any CPU.ActiveCfg = Debug|Any CPU
		{F228EA4D-CB17-402D-95FA-74AF5A8E28CF}.Staging|Any CPU.Build.0 = Debug|Any CPU
		{C2687A0F-DFF5-4280-8C7C-22230F32948F}.Debug|Any CPU.ActiveCfg = Debug|Any CPU
		{C2687A0F-DFF5-4280-8C7C-22230F32948F}.Debug|Any CPU.Build.0 = Debug|Any CPU
		{C2687A0F-DFF5-4280-8C7C-22230F32948F}.Release|Any CPU.ActiveCfg = Release|Any CPU
		{C2687A0F-DFF5-4280-8C7C-22230F32948F}.Release|Any CPU.Build.0 = Release|Any CPU
		{C2687A0F-DFF5-4280-8C7C-22230F32948F}.Staging|Any CPU.ActiveCfg = Debug|Any CPU
		{C2687A0F-DFF5-4280-8C7C-22230F32948F}.Staging|Any CPU.Build.0 = Debug|Any CPU
		{4895F449-9EF7-45F0-98BC-3944CA4FACBC}.Debug|Any CPU.ActiveCfg = Debug|Any CPU
		{4895F449-9EF7-45F0-98BC-3944CA4FACBC}.Debug|Any CPU.Build.0 = Debug|Any CPU
		{4895F449-9EF7-45F0-98BC-3944CA4FACBC}.Release|Any CPU.ActiveCfg = Release|Any CPU
		{4895F449-9EF7-45F0-98BC-3944CA4FACBC}.Release|Any CPU.Build.0 = Release|Any CPU
		{4895F449-9EF7-45F0-98BC-3944CA4FACBC}.Staging|Any CPU.ActiveCfg = Debug|Any CPU
		{4895F449-9EF7-45F0-98BC-3944CA4FACBC}.Staging|Any CPU.Build.0 = Debug|Any CPU
		{16371D7A-91D2-4955-B340-487DBB27D383}.Debug|Any CPU.ActiveCfg = Debug|Any CPU
		{16371D7A-91D2-4955-B340-487DBB27D383}.Debug|Any CPU.Build.0 = Debug|Any CPU
		{16371D7A-91D2-4955-B340-487DBB27D383}.Release|Any CPU.ActiveCfg = Release|Any CPU
		{16371D7A-91D2-4955-B340-487DBB27D383}.Release|Any CPU.Build.0 = Release|Any CPU
		{16371D7A-91D2-4955-B340-487DBB27D383}.Staging|Any CPU.ActiveCfg = Debug|Any CPU
		{16371D7A-91D2-4955-B340-487DBB27D383}.Staging|Any CPU.Build.0 = Debug|Any CPU
		{F8D8636C-24F8-416C-9A9D-A8A786495B49}.Debug|Any CPU.ActiveCfg = Debug|Any CPU
		{F8D8636C-24F8-416C-9A9D-A8A786495B49}.Debug|Any CPU.Build.0 = Debug|Any CPU
		{F8D8636C-24F8-416C-9A9D-A8A786495B49}.Release|Any CPU.ActiveCfg = Release|Any CPU
		{F8D8636C-24F8-416C-9A9D-A8A786495B49}.Release|Any CPU.Build.0 = Release|Any CPU
		{F8D8636C-24F8-416C-9A9D-A8A786495B49}.Staging|Any CPU.ActiveCfg = Debug|Any CPU
		{F8D8636C-24F8-416C-9A9D-A8A786495B49}.Staging|Any CPU.Build.0 = Debug|Any CPU
		{72FC73F2-1252-41A7-B411-D411FC41BAFC}.Debug|Any CPU.ActiveCfg = Debug|Any CPU
		{72FC73F2-1252-41A7-B411-D411FC41BAFC}.Debug|Any CPU.Build.0 = Debug|Any CPU
		{72FC73F2-1252-41A7-B411-D411FC41BAFC}.Release|Any CPU.ActiveCfg = Release|Any CPU
		{72FC73F2-1252-41A7-B411-D411FC41BAFC}.Release|Any CPU.Build.0 = Release|Any CPU
		{72FC73F2-1252-41A7-B411-D411FC41BAFC}.Staging|Any CPU.ActiveCfg = Debug|Any CPU
		{72FC73F2-1252-41A7-B411-D411FC41BAFC}.Staging|Any CPU.Build.0 = Debug|Any CPU
		{0F957AD4-98A9-48D2-86FA-0C93A5014E98}.Debug|Any CPU.ActiveCfg = Debug|Any CPU
		{0F957AD4-98A9-48D2-86FA-0C93A5014E98}.Debug|Any CPU.Build.0 = Debug|Any CPU
		{0F957AD4-98A9-48D2-86FA-0C93A5014E98}.Release|Any CPU.ActiveCfg = Release|Any CPU
		{0F957AD4-98A9-48D2-86FA-0C93A5014E98}.Release|Any CPU.Build.0 = Release|Any CPU
		{0F957AD4-98A9-48D2-86FA-0C93A5014E98}.Staging|Any CPU.ActiveCfg = Debug|Any CPU
		{0F957AD4-98A9-48D2-86FA-0C93A5014E98}.Staging|Any CPU.Build.0 = Debug|Any CPU
		{7CE0A5F5-D827-4DD0-BBA0-DF1C51D8A557}.Debug|Any CPU.ActiveCfg = Debug|Any CPU
		{7CE0A5F5-D827-4DD0-BBA0-DF1C51D8A557}.Debug|Any CPU.Build.0 = Debug|Any CPU
		{7CE0A5F5-D827-4DD0-BBA0-DF1C51D8A557}.Release|Any CPU.ActiveCfg = Release|Any CPU
		{7CE0A5F5-D827-4DD0-BBA0-DF1C51D8A557}.Release|Any CPU.Build.0 = Release|Any CPU
		{7CE0A5F5-D827-4DD0-BBA0-DF1C51D8A557}.Staging|Any CPU.ActiveCfg = Debug|Any CPU
		{7CE0A5F5-D827-4DD0-BBA0-DF1C51D8A557}.Staging|Any CPU.Build.0 = Debug|Any CPU
		{0E01ED65-500D-4EE4-9FC0-1E9976DE0B68}.Debug|Any CPU.ActiveCfg = Debug|Any CPU
		{0E01ED65-500D-4EE4-9FC0-1E9976DE0B68}.Debug|Any CPU.Build.0 = Debug|Any CPU
		{0E01ED65-500D-4EE4-9FC0-1E9976DE0B68}.Release|Any CPU.ActiveCfg = Release|Any CPU
		{0E01ED65-500D-4EE4-9FC0-1E9976DE0B68}.Release|Any CPU.Build.0 = Release|Any CPU
		{0E01ED65-500D-4EE4-9FC0-1E9976DE0B68}.Staging|Any CPU.ActiveCfg = Debug|Any CPU
		{0E01ED65-500D-4EE4-9FC0-1E9976DE0B68}.Staging|Any CPU.Build.0 = Debug|Any CPU
		{E1E9264B-C95E-4DFA-B57E-366B27BA319A}.Debug|Any CPU.ActiveCfg = Debug|Any CPU
		{E1E9264B-C95E-4DFA-B57E-366B27BA319A}.Debug|Any CPU.Build.0 = Debug|Any CPU
		{E1E9264B-C95E-4DFA-B57E-366B27BA319A}.Release|Any CPU.ActiveCfg = Release|Any CPU
		{E1E9264B-C95E-4DFA-B57E-366B27BA319A}.Release|Any CPU.Build.0 = Release|Any CPU
		{E1E9264B-C95E-4DFA-B57E-366B27BA319A}.Staging|Any CPU.ActiveCfg = Debug|Any CPU
		{E1E9264B-C95E-4DFA-B57E-366B27BA319A}.Staging|Any CPU.Build.0 = Debug|Any CPU
		{2FA1A247-1A41-4D91-BBFF-334917496B13}.Debug|Any CPU.ActiveCfg = Debug|Any CPU
		{2FA1A247-1A41-4D91-BBFF-334917496B13}.Debug|Any CPU.Build.0 = Debug|Any CPU
		{2FA1A247-1A41-4D91-BBFF-334917496B13}.Release|Any CPU.ActiveCfg = Release|Any CPU
		{2FA1A247-1A41-4D91-BBFF-334917496B13}.Release|Any CPU.Build.0 = Release|Any CPU
		{2FA1A247-1A41-4D91-BBFF-334917496B13}.Staging|Any CPU.ActiveCfg = Debug|Any CPU
		{2FA1A247-1A41-4D91-BBFF-334917496B13}.Staging|Any CPU.Build.0 = Debug|Any CPU
		{7A26C524-E2CB-429D-A922-E1D2EB161643}.Debug|Any CPU.ActiveCfg = Debug|Any CPU
		{7A26C524-E2CB-429D-A922-E1D2EB161643}.Debug|Any CPU.Build.0 = Debug|Any CPU
		{7A26C524-E2CB-429D-A922-E1D2EB161643}.Release|Any CPU.ActiveCfg = Release|Any CPU
		{7A26C524-E2CB-429D-A922-E1D2EB161643}.Release|Any CPU.Build.0 = Release|Any CPU
		{7A26C524-E2CB-429D-A922-E1D2EB161643}.Staging|Any CPU.ActiveCfg = Debug|Any CPU
		{7A26C524-E2CB-429D-A922-E1D2EB161643}.Staging|Any CPU.Build.0 = Debug|Any CPU
		{1D64C731-F3A2-4765-8FCD-417199A233C2}.Debug|Any CPU.ActiveCfg = Debug|Any CPU
		{1D64C731-F3A2-4765-8FCD-417199A233C2}.Debug|Any CPU.Build.0 = Debug|Any CPU
		{1D64C731-F3A2-4765-8FCD-417199A233C2}.Release|Any CPU.ActiveCfg = Release|Any CPU
		{1D64C731-F3A2-4765-8FCD-417199A233C2}.Release|Any CPU.Build.0 = Release|Any CPU
		{1D64C731-F3A2-4765-8FCD-417199A233C2}.Staging|Any CPU.ActiveCfg = Debug|Any CPU
		{1D64C731-F3A2-4765-8FCD-417199A233C2}.Staging|Any CPU.Build.0 = Debug|Any CPU
		{64B84A61-D7EE-40FA-85E3-F2DF851BF243}.Debug|Any CPU.ActiveCfg = Debug|Any CPU
		{64B84A61-D7EE-40FA-85E3-F2DF851BF243}.Debug|Any CPU.Build.0 = Debug|Any CPU
		{64B84A61-D7EE-40FA-85E3-F2DF851BF243}.Release|Any CPU.ActiveCfg = Release|Any CPU
		{64B84A61-D7EE-40FA-85E3-F2DF851BF243}.Release|Any CPU.Build.0 = Release|Any CPU
		{64B84A61-D7EE-40FA-85E3-F2DF851BF243}.Staging|Any CPU.ActiveCfg = Debug|Any CPU
		{64B84A61-D7EE-40FA-85E3-F2DF851BF243}.Staging|Any CPU.Build.0 = Debug|Any CPU
		{1351B5C6-089A-4574-AE73-92B7939F1907}.Debug|Any CPU.ActiveCfg = Debug|Any CPU
		{1351B5C6-089A-4574-AE73-92B7939F1907}.Debug|Any CPU.Build.0 = Debug|Any CPU
		{1351B5C6-089A-4574-AE73-92B7939F1907}.Release|Any CPU.ActiveCfg = Release|Any CPU
		{1351B5C6-089A-4574-AE73-92B7939F1907}.Release|Any CPU.Build.0 = Release|Any CPU
		{1351B5C6-089A-4574-AE73-92B7939F1907}.Staging|Any CPU.ActiveCfg = Debug|Any CPU
		{1351B5C6-089A-4574-AE73-92B7939F1907}.Staging|Any CPU.Build.0 = Debug|Any CPU
		{A05030EC-4259-4C6C-AF4C-E21D62CE7A59}.Debug|Any CPU.ActiveCfg = Debug|Any CPU
		{A05030EC-4259-4C6C-AF4C-E21D62CE7A59}.Debug|Any CPU.Build.0 = Debug|Any CPU
		{A05030EC-4259-4C6C-AF4C-E21D62CE7A59}.Release|Any CPU.ActiveCfg = Release|Any CPU
		{A05030EC-4259-4C6C-AF4C-E21D62CE7A59}.Release|Any CPU.Build.0 = Release|Any CPU
		{A05030EC-4259-4C6C-AF4C-E21D62CE7A59}.Staging|Any CPU.ActiveCfg = Debug|Any CPU
		{A05030EC-4259-4C6C-AF4C-E21D62CE7A59}.Staging|Any CPU.Build.0 = Debug|Any CPU
		{CE90B9F2-4E26-491B-A942-7314209A5360}.Debug|Any CPU.ActiveCfg = Debug|Any CPU
		{CE90B9F2-4E26-491B-A942-7314209A5360}.Debug|Any CPU.Build.0 = Debug|Any CPU
		{CE90B9F2-4E26-491B-A942-7314209A5360}.Release|Any CPU.ActiveCfg = Release|Any CPU
		{CE90B9F2-4E26-491B-A942-7314209A5360}.Release|Any CPU.Build.0 = Release|Any CPU
		{CE90B9F2-4E26-491B-A942-7314209A5360}.Staging|Any CPU.ActiveCfg = Debug|Any CPU
		{CE90B9F2-4E26-491B-A942-7314209A5360}.Staging|Any CPU.Build.0 = Debug|Any CPU
		{9B11C634-4668-4016-B623-6C9838F57E32}.Debug|Any CPU.ActiveCfg = Debug|Any CPU
		{9B11C634-4668-4016-B623-6C9838F57E32}.Debug|Any CPU.Build.0 = Debug|Any CPU
		{9B11C634-4668-4016-B623-6C9838F57E32}.Release|Any CPU.ActiveCfg = Release|Any CPU
		{9B11C634-4668-4016-B623-6C9838F57E32}.Release|Any CPU.Build.0 = Release|Any CPU
		{9B11C634-4668-4016-B623-6C9838F57E32}.Staging|Any CPU.ActiveCfg = Debug|Any CPU
		{9B11C634-4668-4016-B623-6C9838F57E32}.Staging|Any CPU.Build.0 = Debug|Any CPU
		{896318B2-DCC1-4852-8F9B-494E03351A30}.Debug|Any CPU.ActiveCfg = Debug|Any CPU
		{896318B2-DCC1-4852-8F9B-494E03351A30}.Debug|Any CPU.Build.0 = Debug|Any CPU
		{896318B2-DCC1-4852-8F9B-494E03351A30}.Release|Any CPU.ActiveCfg = Release|Any CPU
		{896318B2-DCC1-4852-8F9B-494E03351A30}.Release|Any CPU.Build.0 = Release|Any CPU
		{896318B2-DCC1-4852-8F9B-494E03351A30}.Staging|Any CPU.ActiveCfg = Debug|Any CPU
		{896318B2-DCC1-4852-8F9B-494E03351A30}.Staging|Any CPU.Build.0 = Debug|Any CPU
		{2A17C103-11F9-4A0E-8396-B9ADB828317D}.Debug|Any CPU.ActiveCfg = Debug|Any CPU
		{2A17C103-11F9-4A0E-8396-B9ADB828317D}.Debug|Any CPU.Build.0 = Debug|Any CPU
		{2A17C103-11F9-4A0E-8396-B9ADB828317D}.Release|Any CPU.ActiveCfg = Release|Any CPU
		{2A17C103-11F9-4A0E-8396-B9ADB828317D}.Release|Any CPU.Build.0 = Release|Any CPU
		{2A17C103-11F9-4A0E-8396-B9ADB828317D}.Staging|Any CPU.ActiveCfg = Debug|Any CPU
		{2A17C103-11F9-4A0E-8396-B9ADB828317D}.Staging|Any CPU.Build.0 = Debug|Any CPU
		{070C1ED5-46A1-4F1D-8A88-52C0F772F0F4}.Debug|Any CPU.ActiveCfg = Debug|Any CPU
		{070C1ED5-46A1-4F1D-8A88-52C0F772F0F4}.Debug|Any CPU.Build.0 = Debug|Any CPU
		{070C1ED5-46A1-4F1D-8A88-52C0F772F0F4}.Release|Any CPU.ActiveCfg = Release|Any CPU
		{070C1ED5-46A1-4F1D-8A88-52C0F772F0F4}.Release|Any CPU.Build.0 = Release|Any CPU
		{070C1ED5-46A1-4F1D-8A88-52C0F772F0F4}.Staging|Any CPU.ActiveCfg = Debug|Any CPU
		{070C1ED5-46A1-4F1D-8A88-52C0F772F0F4}.Staging|Any CPU.Build.0 = Debug|Any CPU
	EndGlobalSection
	GlobalSection(SolutionProperties) = preSolution
		HideSolutionNode = FALSE
	EndGlobalSection
	GlobalSection(NestedProjects) = preSolution
		{C12A0E55-7FEE-4FE8-862A-B391C14D33BB} = {7518E2CE-7F84-4399-8D97-99D0F336AD71}
		{5791F0ED-A0F2-436E-8E27-9E1DCFE3155C} = {7518E2CE-7F84-4399-8D97-99D0F336AD71}
		{CA0170C0-DF63-45FF-B4F5-E6D99F028F49} = {7518E2CE-7F84-4399-8D97-99D0F336AD71}
		{14D81709-8FB3-4F42-BD76-48CFCC45B161} = {7518E2CE-7F84-4399-8D97-99D0F336AD71}
		{63798959-4EC9-4869-9C0C-977192E687D2} = {2C658574-2342-4E6E-8812-92BCCBE8CA0A}
		{EF2DCAD1-691F-4C66-86A2-92998DEA5A11} = {7518E2CE-7F84-4399-8D97-99D0F336AD71}
		{7518E2CE-7F84-4399-8D97-99D0F336AD71} = {2C658574-2342-4E6E-8812-92BCCBE8CA0A}
		{878D4D86-7690-491D-A44A-CDE8F8D4A29E} = {2C658574-2342-4E6E-8812-92BCCBE8CA0A}
		{20677EBF-A2D6-47AA-84C7-81711A67799D} = {63798959-4EC9-4869-9C0C-977192E687D2}
		{22C440C4-B7B9-47D4-BA9C-8538A9DC4B34} = {63798959-4EC9-4869-9C0C-977192E687D2}
		{69CBD1E5-0724-419C-8DCE-437AC96B57B9} = {63798959-4EC9-4869-9C0C-977192E687D2}
		{AA6B917B-4CE4-4CA7-96A3-FD103E7B0AA2} = {63798959-4EC9-4869-9C0C-977192E687D2}
		{3E294C2B-524B-4F98-B973-4B5FBD0E4D34} = {63798959-4EC9-4869-9C0C-977192E687D2}
		{22674028-7ECC-4B2A-BE04-ED3F94DB28BF} = {7518E2CE-7F84-4399-8D97-99D0F336AD71}
		{F1F2551C-E717-4065-BE18-1E1E77020164} = {22674028-7ECC-4B2A-BE04-ED3F94DB28BF}
		{DC09126F-89EE-40D3-9201-6C4EFAE41C09} = {22674028-7ECC-4B2A-BE04-ED3F94DB28BF}
		{B2EFD479-0554-41F3-A6CF-EE39E9B1A71A} = {EF2DCAD1-691F-4C66-86A2-92998DEA5A11}
		{F47FED0A-3216-4146-84A6-FC4C6C8BA21D} = {EF2DCAD1-691F-4C66-86A2-92998DEA5A11}
		{2E022A65-B6C8-4252-B63A-FC8FBC3587F1} = {7518E2CE-7F84-4399-8D97-99D0F336AD71}
		{A7DED617-5BC9-4F20-BAB9-9C571E1132F9} = {2E022A65-B6C8-4252-B63A-FC8FBC3587F1}
		{047DC71D-8484-401C-ADED-F59853CD51E5} = {2E022A65-B6C8-4252-B63A-FC8FBC3587F1}
		{BA60BC92-FD57-4F56-8BD3-D81AE4E540C8} = {7518E2CE-7F84-4399-8D97-99D0F336AD71}
		{B6202506-CA2B-46E2-8420-4D06B38A03A1} = {BA60BC92-FD57-4F56-8BD3-D81AE4E540C8}
		{C3E7BF24-79B0-4F65-887B-BAF1A13BA7A8} = {BA60BC92-FD57-4F56-8BD3-D81AE4E540C8}
		{470AF013-E64A-4A21-86EA-AD36819499AB} = {2F2B4AFA-B87A-4208-84C1-F356E0B72967}
		{4AE4BAD1-EE6B-45A1-A7B3-CBD48E012AAA} = {7E2E868B-136B-486E-BE48-77DCB340EEA3}
		{9BCDB7AA-B9DF-45BF-9C5A-51588565AB5A} = {5ADC76DB-A74F-4ED7-A07D-BF9BB650E265}
		{B4E906C6-4ADA-48AD-A38C-D7FC7B385AA1} = {5ADC76DB-A74F-4ED7-A07D-BF9BB650E265}
		{C4B138BD-E1FA-4586-8493-7FE8A5858B7A} = {5ADC76DB-A74F-4ED7-A07D-BF9BB650E265}
		{DC3163FF-F6C1-426D-9ABB-EC1B8F32E9D7} = {878D4D86-7690-491D-A44A-CDE8F8D4A29E}
		{EAC1D12D-BDE3-458C-8152-B76E7C92CC35} = {2C658574-2342-4E6E-8812-92BCCBE8CA0A}
		{3DB015C6-2BFB-4D10-ADBC-4D010BE59BE5} = {EAC1D12D-BDE3-458C-8152-B76E7C92CC35}
		{7C4D10F4-7749-435E-B313-3406B67BC3D7} = {EAC1D12D-BDE3-458C-8152-B76E7C92CC35}
		{6C7BFE81-BBE4-4DE2-B625-D2C188F73A87} = {EAC1D12D-BDE3-458C-8152-B76E7C92CC35}
		{EF0BD9D2-4A4D-4455-B6B5-346F61221A9E} = {7518E2CE-7F84-4399-8D97-99D0F336AD71}
		{42DB36DB-B13C-4484-928A-E089E1936461} = {EF0BD9D2-4A4D-4455-B6B5-346F61221A9E}
		{D2E7A823-F617-44EC-A777-FF4BE90C8D77} = {EF0BD9D2-4A4D-4455-B6B5-346F61221A9E}
		{502DC8AA-F889-4A07-8014-8028408E50C4} = {EF0BD9D2-4A4D-4455-B6B5-346F61221A9E}
		{B763E15A-B18F-41B9-85EA-6F04DFA05A31} = {14D81709-8FB3-4F42-BD76-48CFCC45B161}
		{15FACFD3-0643-4B2B-B6C1-22C1A2438430} = {14D81709-8FB3-4F42-BD76-48CFCC45B161}
		{BEBE1166-14A8-4F9C-9026-5128BEF8E4DC} = {C12A0E55-7FEE-4FE8-862A-B391C14D33BB}
		{F0106108-6B31-46C3-BE6A-E9EFFB692D65} = {CA0170C0-DF63-45FF-B4F5-E6D99F028F49}
		{F228EA4D-CB17-402D-95FA-74AF5A8E28CF} = {CA0170C0-DF63-45FF-B4F5-E6D99F028F49}
		{C2687A0F-DFF5-4280-8C7C-22230F32948F} = {5791F0ED-A0F2-436E-8E27-9E1DCFE3155C}
		{4895F449-9EF7-45F0-98BC-3944CA4FACBC} = {5791F0ED-A0F2-436E-8E27-9E1DCFE3155C}
		{16371D7A-91D2-4955-B340-487DBB27D383} = {EF0BD9D2-4A4D-4455-B6B5-346F61221A9E}
		{F8D8636C-24F8-416C-9A9D-A8A786495B49} = {2F2B4AFA-B87A-4208-84C1-F356E0B72967}
		{72FC73F2-1252-41A7-B411-D411FC41BAFC} = {63798959-4EC9-4869-9C0C-977192E687D2}
		{860B4295-F68B-4528-98A0-419849C60414} = {7518E2CE-7F84-4399-8D97-99D0F336AD71}
		{0F957AD4-98A9-48D2-86FA-0C93A5014E98} = {860B4295-F68B-4528-98A0-419849C60414}
		{7CE0A5F5-D827-4DD0-BBA0-DF1C51D8A557} = {860B4295-F68B-4528-98A0-419849C60414}
		{D4425DCE-C5A5-40C7-85AD-0DC15B489F7A} = {7518E2CE-7F84-4399-8D97-99D0F336AD71}
		{0E01ED65-500D-4EE4-9FC0-1E9976DE0B68} = {D4425DCE-C5A5-40C7-85AD-0DC15B489F7A}
		{E1E9264B-C95E-4DFA-B57E-366B27BA319A} = {5ADC76DB-A74F-4ED7-A07D-BF9BB650E265}
		{2FA1A247-1A41-4D91-BBFF-334917496B13} = {76D31389-15D1-4816-A383-7B44A5D9EE0A}
		{7A26C524-E2CB-429D-A922-E1D2EB161643} = {5ADC76DB-A74F-4ED7-A07D-BF9BB650E265}
		{1D64C731-F3A2-4765-8FCD-417199A233C2} = {CA0170C0-DF63-45FF-B4F5-E6D99F028F49}
		{64B84A61-D7EE-40FA-85E3-F2DF851BF243} = {EF0BD9D2-4A4D-4455-B6B5-346F61221A9E}
		{1351B5C6-089A-4574-AE73-92B7939F1907} = {2E022A65-B6C8-4252-B63A-FC8FBC3587F1}
		{A05030EC-4259-4C6C-AF4C-E21D62CE7A59} = {14D81709-8FB3-4F42-BD76-48CFCC45B161}
		{CE90B9F2-4E26-491B-A942-7314209A5360} = {C12A0E55-7FEE-4FE8-862A-B391C14D33BB}
		{9B11C634-4668-4016-B623-6C9838F57E32} = {5791F0ED-A0F2-436E-8E27-9E1DCFE3155C}
		{896318B2-DCC1-4852-8F9B-494E03351A30} = {CA0170C0-DF63-45FF-B4F5-E6D99F028F49}
		{2816E070-19CE-4139-A6E5-3AFA9D522B64} = {2C658574-2342-4E6E-8812-92BCCBE8CA0A}
		{2A17C103-11F9-4A0E-8396-B9ADB828317D} = {2816E070-19CE-4139-A6E5-3AFA9D522B64}
		{070C1ED5-46A1-4F1D-8A88-52C0F772F0F4} = {C12A0E55-7FEE-4FE8-862A-B391C14D33BB}
	EndGlobalSection
	GlobalSection(ExtensibilityGlobals) = postSolution
		SolutionGuid = {376CBA27-2146-4DA3-A000-3444C626702C}
	EndGlobalSection
EndGlobal
